// !$*UTF8*$!
{
	archiveVersion = 1;
	classes = {
	};
	objectVersion = 46;
	objects = {

/* Begin PBXBuildFile section */
		086E30AB1DC8F63700BE95B2 /* AppDelegate.swift in Sources */ = {isa = PBXBuildFile; fileRef = 086E30AA1DC8F63700BE95B2 /* AppDelegate.swift */; };
		086E30AD1DC8F63700BE95B2 /* MainVC.swift in Sources */ = {isa = PBXBuildFile; fileRef = 086E30AC1DC8F63700BE95B2 /* MainVC.swift */; };
		086E30B01DC8F63700BE95B2 /* Main.storyboard in Resources */ = {isa = PBXBuildFile; fileRef = 086E30AE1DC8F63700BE95B2 /* Main.storyboard */; };
		086E30B21DC8F63700BE95B2 /* Assets.xcassets in Resources */ = {isa = PBXBuildFile; fileRef = 086E30B11DC8F63700BE95B2 /* Assets.xcassets */; };
		086E30B51DC8F63700BE95B2 /* LaunchScreen.storyboard in Resources */ = {isa = PBXBuildFile; fileRef = 086E30B31DC8F63700BE95B2 /* LaunchScreen.storyboard */; };
		086E30C01DC9D49900BE95B2 /* stillTime.ttf in Resources */ = {isa = PBXBuildFile; fileRef = 086E30BF1DC9D49900BE95B2 /* stillTime.ttf */; };
		086E30C31DC9D8E500BE95B2 /* VideoVC.swift in Sources */ = {isa = PBXBuildFile; fileRef = 086E30C21DC9D8E500BE95B2 /* VideoVC.swift */; };
		086E30C51DC9DD4700BE95B2 /* PartyCell.swift in Sources */ = {isa = PBXBuildFile; fileRef = 086E30C41DC9DD4700BE95B2 /* PartyCell.swift */; };
		086E30C71DCB2C1500BE95B2 /* PartyRock.swift in Sources */ = {isa = PBXBuildFile; fileRef = 086E30C61DCB2C1500BE95B2 /* PartyRock.swift */; };
/* End PBXBuildFile section */

/* Begin PBXFileReference section */
		086E30A71DC8F63700BE95B2 /* PartyRockApp.app */ = {isa = PBXFileReference; explicitFileType = wrapper.application; includeInIndex = 0; path = PartyRockApp.app; sourceTree = BUILT_PRODUCTS_DIR; };
		086E30AA1DC8F63700BE95B2 /* AppDelegate.swift */ = {isa = PBXFileReference; lastKnownFileType = sourcecode.swift; path = AppDelegate.swift; sourceTree = "<group>"; };
		086E30AC1DC8F63700BE95B2 /* MainVC.swift */ = {isa = PBXFileReference; lastKnownFileType = sourcecode.swift; path = MainVC.swift; sourceTree = "<group>"; };
		086E30AF1DC8F63700BE95B2 /* Base */ = {isa = PBXFileReference; lastKnownFileType = file.storyboard; name = Base; path = Base.lproj/Main.storyboard; sourceTree = "<group>"; };
		086E30B11DC8F63700BE95B2 /* Assets.xcassets */ = {isa = PBXFileReference; lastKnownFileType = folder.assetcatalog; path = Assets.xcassets; sourceTree = "<group>"; };
		086E30B41DC8F63700BE95B2 /* Base */ = {isa = PBXFileReference; lastKnownFileType = file.storyboard; name = Base; path = Base.lproj/LaunchScreen.storyboard; sourceTree = "<group>"; };
		086E30B61DC8F63700BE95B2 /* Info.plist */ = {isa = PBXFileReference; lastKnownFileType = text.plist.xml; path = Info.plist; sourceTree = "<group>"; };
		086E30BF1DC9D49900BE95B2 /* stillTime.ttf */ = {isa = PBXFileReference; lastKnownFileType = file; path = stillTime.ttf; sourceTree = "<group>"; };
		086E30C21DC9D8E500BE95B2 /* VideoVC.swift */ = {isa = PBXFileReference; fileEncoding = 4; lastKnownFileType = sourcecode.swift; path = VideoVC.swift; sourceTree = "<group>"; };
		086E30C41DC9DD4700BE95B2 /* PartyCell.swift */ = {isa = PBXFileReference; fileEncoding = 4; lastKnownFileType = sourcecode.swift; path = PartyCell.swift; sourceTree = "<group>"; };
		086E30C61DCB2C1500BE95B2 /* PartyRock.swift */ = {isa = PBXFileReference; fileEncoding = 4; lastKnownFileType = sourcecode.swift; path = PartyRock.swift; sourceTree = "<group>"; };
/* End PBXFileReference section */

/* Begin PBXFrameworksBuildPhase section */
		086E30A41DC8F63600BE95B2 /* Frameworks */ = {
			isa = PBXFrameworksBuildPhase;
			buildActionMask = 2147483647;
			files = (
			);
			runOnlyForDeploymentPostprocessing = 0;
		};
/* End PBXFrameworksBuildPhase section */

/* Begin PBXGroup section */
		086E309E1DC8F63500BE95B2 = {
			isa = PBXGroup;
			children = (
				086E30A91DC8F63700BE95B2 /* PartyRockApp */,
				086E30A81DC8F63700BE95B2 /* Products */,
			);
			sourceTree = "<group>";
		};
		086E30A81DC8F63700BE95B2 /* Products */ = {
			isa = PBXGroup;
			children = (
				086E30A71DC8F63700BE95B2 /* PartyRockApp.app */,
			);
			name = Products;
			sourceTree = "<group>";
		};
		086E30A91DC8F63700BE95B2 /* PartyRockApp */ = {
			isa = PBXGroup;
			children = (
				086E30C11DC9D50400BE95B2 /* Files */,
				086E30BE1DC8F7EA00BE95B2 /* Model */,
				086E30BD1DC8F7E300BE95B2 /* View */,
				086E30BC1DC8F76500BE95B2 /* Controller */,
				086E30AA1DC8F63700BE95B2 /* AppDelegate.swift */,
				086E30B31DC8F63700BE95B2 /* LaunchScreen.storyboard */,
				086E30AE1DC8F63700BE95B2 /* Main.storyboard */,
				086E30B11DC8F63700BE95B2 /* Assets.xcassets */,
				086E30B61DC8F63700BE95B2 /* Info.plist */,
			);
			path = PartyRockApp;
			sourceTree = "<group>";
		};
		086E30BC1DC8F76500BE95B2 /* Controller */ = {
			isa = PBXGroup;
			children = (
				086E30AC1DC8F63700BE95B2 /* MainVC.swift */,
				086E30C21DC9D8E500BE95B2 /* VideoVC.swift */,
			);
			name = Controller;
			sourceTree = "<group>";
		};
		086E30BD1DC8F7E300BE95B2 /* View */ = {
			isa = PBXGroup;
			children = (
				086E30C41DC9DD4700BE95B2 /* PartyCell.swift */,
			);
			name = View;
			sourceTree = "<group>";
		};
		086E30BE1DC8F7EA00BE95B2 /* Model */ = {
			isa = PBXGroup;
			children = (
				086E30C61DCB2C1500BE95B2 /* PartyRock.swift */,
			);
			name = Model;
			sourceTree = "<group>";
		};
		086E30C11DC9D50400BE95B2 /* Files */ = {
			isa = PBXGroup;
			children = (
				086E30BF1DC9D49900BE95B2 /* stillTime.ttf */,
			);
			name = Files;
			sourceTree = "<group>";
		};
/* End PBXGroup section */

/* Begin PBXNativeTarget section */
		086E30A61DC8F63600BE95B2 /* PartyRockApp */ = {
			isa = PBXNativeTarget;
			buildConfigurationList = 086E30B91DC8F63700BE95B2 /* Build configuration list for PBXNativeTarget "PartyRockApp" */;
			buildPhases = (
				086E30A31DC8F63600BE95B2 /* Sources */,
				086E30A41DC8F63600BE95B2 /* Frameworks */,
				086E30A51DC8F63600BE95B2 /* Resources */,
			);
			buildRules = (
			);
			dependencies = (
			);
			name = PartyRockApp;
			productName = PartyRockApp;
			productReference = 086E30A71DC8F63700BE95B2 /* PartyRockApp.app */;
			productType = "com.apple.product-type.application";
		};
/* End PBXNativeTarget section */

/* Begin PBXProject section */
		086E309F1DC8F63500BE95B2 /* Project object */ = {
			isa = PBXProject;
			attributes = {
				LastSwiftUpdateCheck = 0810;
				LastUpgradeCheck = 0810;
				ORGANIZATIONNAME = "Денис Трясунов";
				TargetAttributes = {
					086E30A61DC8F63600BE95B2 = {
						CreatedOnToolsVersion = 8.1;
						DevelopmentTeam = Y7QY22UYMJ;
						ProvisioningStyle = Automatic;
					};
				};
			};
			buildConfigurationList = 086E30A21DC8F63500BE95B2 /* Build configuration list for PBXProject "PartyRockApp" */;
			compatibilityVersion = "Xcode 3.2";
			developmentRegion = English;
			hasScannedForEncodings = 0;
			knownRegions = (
				en,
				Base,
			);
			mainGroup = 086E309E1DC8F63500BE95B2;
			productRefGroup = 086E30A81DC8F63700BE95B2 /* Products */;
			projectDirPath = "";
			projectRoot = "";
			targets = (
				086E30A61DC8F63600BE95B2 /* PartyRockApp */,
			);
		};
/* End PBXProject section */

/* Begin PBXResourcesBuildPhase section */
		086E30A51DC8F63600BE95B2 /* Resources */ = {
			isa = PBXResourcesBuildPhase;
			buildActionMask = 2147483647;
			files = (
				086E30B51DC8F63700BE95B2 /* LaunchScreen.storyboard in Resources */,
				086E30C01DC9D49900BE95B2 /* stillTime.ttf in Resources */,
				086E30B21DC8F63700BE95B2 /* Assets.xcassets in Resources */,
				086E30B01DC8F63700BE95B2 /* Main.storyboard in Resources */,
			);
			runOnlyForDeploymentPostprocessing = 0;
		};
/* End PBXResourcesBuildPhase section */

/* Begin PBXSourcesBuildPhase section */
		086E30A31DC8F63600BE95B2 /* Sources */ = {
			isa = PBXSourcesBuildPhase;
			buildActionMask = 2147483647;
			files = (
				086E30C31DC9D8E500BE95B2 /* VideoVC.swift in Sources */,
				086E30AD1DC8F63700BE95B2 /* MainVC.swift in Sources */,
				086E30C71DCB2C1500BE95B2 /* PartyRock.swift in Sources */,
				086E30C51DC9DD4700BE95B2 /* PartyCell.swift in Sources */,
				086E30AB1DC8F63700BE95B2 /* AppDelegate.swift in Sources */,
			);
			runOnlyForDeploymentPostprocessing = 0;
		};
/* End PBXSourcesBuildPhase section */

/* Begin PBXVariantGroup section */
		086E30AE1DC8F63700BE95B2 /* Main.storyboard */ = {
			isa = PBXVariantGroup;
			children = (
				086E30AF1DC8F63700BE95B2 /* Base */,
			);
			name = Main.storyboard;
			sourceTree = "<group>";
		};
		086E30B31DC8F63700BE95B2 /* LaunchScreen.storyboard */ = {
			isa = PBXVariantGroup;
			children = (
				086E30B41DC8F63700BE95B2 /* Base */,
			);
			name = LaunchScreen.storyboard;
			sourceTree = "<group>";
		};
/* End PBXVariantGroup section */

/* Begin XCBuildConfiguration section */
		086E30B71DC8F63700BE95B2 /* Debug */ = {
			isa = XCBuildConfiguration;
			buildSettings = {
				ALWAYS_SEARCH_USER_PATHS = NO;
				CLANG_ANALYZER_NONNULL = YES;
				CLANG_CXX_LANGUAGE_STANDARD = "gnu++0x";
				CLANG_CXX_LIBRARY = "libc++";
				CLANG_ENABLE_MODULES = YES;
				CLANG_ENABLE_OBJC_ARC = YES;
				CLANG_WARN_BOOL_CONVERSION = YES;
				CLANG_WARN_CONSTANT_CONVERSION = YES;
				CLANG_WARN_DIRECT_OBJC_ISA_USAGE = YES_ERROR;
				CLANG_WARN_DOCUMENTATION_COMMENTS = YES;
				CLANG_WARN_EMPTY_BODY = YES;
				CLANG_WARN_ENUM_CONVERSION = YES;
				CLANG_WARN_INFINITE_RECURSION = YES;
				CLANG_WARN_INT_CONVERSION = YES;
				CLANG_WARN_OBJC_ROOT_CLASS = YES_ERROR;
				CLANG_WARN_SUSPICIOUS_MOVES = YES;
				CLANG_WARN_UNREACHABLE_CODE = YES;
				CLANG_WARN__DUPLICATE_METHOD_MATCH = YES;
				"CODE_SIGN_IDENTITY[sdk=iphoneos*]" = "iPhone Developer";
				COPY_PHASE_STRIP = NO;
				DEBUG_INFORMATION_FORMAT = dwarf;
				ENABLE_STRICT_OBJC_MSGSEND = YES;
				ENABLE_TESTABILITY = YES;
				GCC_C_LANGUAGE_STANDARD = gnu99;
				GCC_DYNAMIC_NO_PIC = NO;
				GCC_NO_COMMON_BLOCKS = YES;
				GCC_OPTIMIZATION_LEVEL = 0;
				GCC_PREPROCESSOR_DEFINITIONS = (
					"DEBUG=1",
					"$(inherited)",
				);
				GCC_WARN_64_TO_32_BIT_CONVERSION = YES;
				GCC_WARN_ABOUT_RETURN_TYPE = YES_ERROR;
				GCC_WARN_UNDECLARED_SELECTOR = YES;
				GCC_WARN_UNINITIALIZED_AUTOS = YES_AGGRESSIVE;
				GCC_WARN_UNUSED_FUNCTION = YES;
				GCC_WARN_UNUSED_VARIABLE = YES;
				IPHONEOS_DEPLOYMENT_TARGET = 10.1;
				MTL_ENABLE_DEBUG_INFO = YES;
				ONLY_ACTIVE_ARCH = YES;
				SDKROOT = iphoneos;
				SWIFT_ACTIVE_COMPILATION_CONDITIONS = DEBUG;
				SWIFT_OPTIMIZATION_LEVEL = "-Onone";
				TARGETED_DEVICE_FAMILY = "1,2";
			};
			name = Debug;
		};
		086E30B81DC8F63700BE95B2 /* Release */ = {
			isa = XCBuildConfiguration;
			buildSettings = {
				ALWAYS_SEARCH_USER_PATHS = NO;
				CLANG_ANALYZER_NONNULL = YES;
				CLANG_CXX_LANGUAGE_STANDARD = "gnu++0x";
				CLANG_CXX_LIBRARY = "libc++";
				CLANG_ENABLE_MODULES = YES;
				CLANG_ENABLE_OBJC_ARC = YES;
				CLANG_WARN_BOOL_CONVERSION = YES;
				CLANG_WARN_CONSTANT_CONVERSION = YES;
				CLANG_WARN_DIRECT_OBJC_ISA_USAGE = YES_ERROR;
				CLANG_WARN_DOCUMENTATION_COMMENTS = YES;
				CLANG_WARN_EMPTY_BODY = YES;
				CLANG_WARN_ENUM_CONVERSION = YES;
				CLANG_WARN_INFINITE_RECURSION = YES;
				CLANG_WARN_INT_CONVERSION = YES;
				CLANG_WARN_OBJC_ROOT_CLASS = YES_ERROR;
				CLANG_WARN_SUSPICIOUS_MOVES = YES;
				CLANG_WARN_UNREACHABLE_CODE = YES;
				CLANG_WARN__DUPLICATE_METHOD_MATCH = YES;
				"CODE_SIGN_IDENTITY[sdk=iphoneos*]" = "iPhone Developer";
				COPY_PHASE_STRIP = NO;
				DEBUG_INFORMATION_FORMAT = "dwarf-with-dsym";
				ENABLE_NS_ASSERTIONS = NO;
				ENABLE_STRICT_OBJC_MSGSEND = YES;
				GCC_C_LANGUAGE_STANDARD = gnu99;
				GCC_NO_COMMON_BLOCKS = YES;
				GCC_WARN_64_TO_32_BIT_CONVERSION = YES;
				GCC_WARN_ABOUT_RETURN_TYPE = YES_ERROR;
				GCC_WARN_UNDECLARED_SELECTOR = YES;
				GCC_WARN_UNINITIALIZED_AUTOS = YES_AGGRESSIVE;
				GCC_WARN_UNUSED_FUNCTION = YES;
				GCC_WARN_UNUSED_VARIABLE = YES;
				IPHONEOS_DEPLOYMENT_TARGET = 10.1;
				MTL_ENABLE_DEBUG_INFO = NO;
				SDKROOT = iphoneos;
				SWIFT_OPTIMIZATION_LEVEL = "-Owholemodule";
				TARGETED_DEVICE_FAMILY = "1,2";
				VALIDATE_PRODUCT = YES;
			};
			name = Release;
		};
		086E30BA1DC8F63700BE95B2 /* Debug */ = {
			isa = XCBuildConfiguration;
			buildSettings = {
				ASSETCATALOG_COMPILER_APPICON_NAME = AppIcon;
				DEVELOPMENT_TEAM = Y7QY22UYMJ;
				INFOPLIST_FILE = PartyRockApp/Info.plist;
				LD_RUNPATH_SEARCH_PATHS = "$(inherited) @executable_path/Frameworks";
				PRODUCT_BUNDLE_IDENTIFIER = com.dendden.PartyRockApp;
				PRODUCT_NAME = "$(TARGET_NAME)";
				SWIFT_VERSION = 3.0;
			};
			name = Debug;
		};
		086E30BB1DC8F63700BE95B2 /* Release */ = {
			isa = XCBuildConfiguration;
			buildSettings = {
				ASSETCATALOG_COMPILER_APPICON_NAME = AppIcon;
				DEVELOPMENT_TEAM = Y7QY22UYMJ;
				INFOPLIST_FILE = PartyRockApp/Info.plist;
				LD_RUNPATH_SEARCH_PATHS = "$(inherited) @executable_path/Frameworks";
				PRODUCT_BUNDLE_IDENTIFIER = com.dendden.PartyRockApp;
				PRODUCT_NAME = "$(TARGET_NAME)";
				SWIFT_VERSION = 3.0;
			};
			name = Release;
		};
/* End XCBuildConfiguration section */

/* Begin XCConfigurationList section */
		086E30A21DC8F63500BE95B2 /* Build configuration list for PBXProject "PartyRockApp" */ = {
			isa = XCConfigurationList;
			buildConfigurations = (
				086E30B71DC8F63700BE95B2 /* Debug */,
				086E30B81DC8F63700BE95B2 /* Release */,
			);
			defaultConfigurationIsVisible = 0;
			defaultConfigurationName = Release;
		};
		086E30B91DC8F63700BE95B2 /* Build configuration list for PBXNativeTarget "PartyRockApp" */ = {
			isa = XCConfigurationList;
			buildConfigurations = (
				086E30BA1DC8F63700BE95B2 /* Debug */,
				086E30BB1DC8F63700BE95B2 /* Release */,
			);
			defaultConfigurationIsVisible = 0;
			defaultConfigurationName = Release;
		};
/* End XCConfigurationList section */
	};
	rootObject = 086E309F1DC8F63500BE95B2 /* Project object */;
}
